
Microsoft Visual Studio Solution File, Format Version 12.00
# Visual Studio Version 16
VisualStudioVersion = 16.0.30204.135
MinimumVisualStudioVersion = 10.0.40219.1
Project("{9A19103F-16F7-4668-BE54-9A1E7A4F7556}") = "PoCSpecflow", "PoCSpecflow.csproj", "{1F7DAEFF-DCAE-4002-99E4-08073BE47AB4}"
EndProject
Project("{9A19103F-16F7-4668-BE54-9A1E7A4F7556}") = "Calculator", "..\Calculator\Calculator.csproj", "{B0CA72CB-EF88-4E15-B6E2-0CDC1584110E}"
EndProject
Project("{FAE04EC0-301F-11D3-BF4B-00C04F79EFBC}") = "Google", "..\Google\Google.csproj", "{FBDE4252-EB31-4832-9ABE-30632974B510}"
EndProject
Global
	GlobalSection(SolutionConfigurationPlatforms) = preSolution
		Debug|Any CPU = Debug|Any CPU
		Release|Any CPU = Release|Any CPU
	EndGlobalSection
	GlobalSection(ProjectConfigurationPlatforms) = postSolution
		{1F7DAEFF-DCAE-4002-99E4-08073BE47AB4}.Debug|Any CPU.ActiveCfg = Debug|Any CPU
		{1F7DAEFF-DCAE-4002-99E4-08073BE47AB4}.Debug|Any CPU.Build.0 = Debug|Any CPU
		{1F7DAEFF-DCAE-4002-99E4-08073BE47AB4}.Release|Any CPU.ActiveCfg = Release|Any CPU
		{1F7DAEFF-DCAE-4002-99E4-08073BE47AB4}.Release|Any CPU.Build.0 = Release|Any CPU
		{B0CA72CB-EF88-4E15-B6E2-0CDC1584110E}.Debug|Any CPU.ActiveCfg = Debug|Any CPU
		{B0CA72CB-EF88-4E15-B6E2-0CDC1584110E}.Debug|Any CPU.Build.0 = Debug|Any CPU
		{B0CA72CB-EF88-4E15-B6E2-0CDC1584110E}.Release|Any CPU.ActiveCfg = Release|Any CPU
		{B0CA72CB-EF88-4E15-B6E2-0CDC1584110E}.Release|Any CPU.Build.0 = Release|Any CPU
		{FBDE4252-EB31-4832-9ABE-30632974B510}.Debug|Any CPU.ActiveCfg = Debug|Any CPU
		{FBDE4252-EB31-4832-9ABE-30632974B510}.Debug|Any CPU.Build.0 = Debug|Any CPU
		{FBDE4252-EB31-4832-9ABE-30632974B510}.Release|Any CPU.ActiveCfg = Release|Any CPU
		{FBDE4252-EB31-4832-9ABE-30632974B510}.Release|Any CPU.Build.0 = Release|Any CPU
	EndGlobalSection
	GlobalSection(SolutionProperties) = preSolution
		HideSolutionNode = FALSE
	EndGlobalSection
	GlobalSection(ExtensibilityGlobals) = postSolution
		SolutionGuid = {E1D79F77-6403-46E8-A92F-560AA8E6CDC4}
	EndGlobalSection
EndGlobal
